
Microsoft Visual Studio Solution File, Format Version 12.00
# Visual Studio Version 17
VisualStudioVersion = 17.9.34607.119
MinimumVisualStudioVersion = 10.0.40219.1
Project("{FAE04EC0-301F-11D3-BF4B-00C04F79EFBC}") = "appTestArrays", "appTestArrays\appTestArrays.csproj", "{B5C5F46E-C6E5-4076-A628-019D56151A36}"
EndProject
Global
	GlobalSection(SolutionConfigurationPlatforms) = preSolution
		Debug|Any CPU = Debug|Any CPU
		Release|Any CPU = Release|Any CPU
	EndGlobalSection
	GlobalSection(ProjectConfigurationPlatforms) = postSolution
		{B5C5F46E-C6E5-4076-A628-019D56151A36}.Debug|Any CPU.ActiveCfg = Debug|Any CPU
		{B5C5F46E-C6E5-4076-A628-019D56151A36}.Debug|Any CPU.Build.0 = Debug|Any CPU
		{B5C5F46E-C6E5-4076-A628-019D56151A36}.Release|Any CPU.ActiveCfg = Release|Any CPU
		{B5C5F46E-C6E5-4076-A628-019D56151A36}.Release|Any CPU.Build.0 = Release|Any CPU
	EndGlobalSection
	GlobalSection(SolutionProperties) = preSolution
		HideSolutionNode = FALSE
	EndGlobalSection
	GlobalSection(ExtensibilityGlobals) = postSolution
		SolutionGuid = {27B97C20-9F24-4D35-9671-DCAB469D056A}
	EndGlobalSection
EndGlobal
